// !$*UTF8*$!
{
	archiveVersion = 1;
	classes = {
	};
	objectVersion = 46;
	objects = {

/* Begin PBXBuildFile section */
		0025C1341B43334E002F459A /* StoreKit.framework in Frameworks */ = {isa = PBXBuildFile; fileRef = 0025C1331B43334E002F459A /* StoreKit.framework */; };
		0025C1361B433359002F459A /* GameKit.framework in Frameworks */ = {isa = PBXBuildFile; fileRef = 0025C1351B433359002F459A /* GameKit.framework */; };
		003873D01B3D9088009D83EF /* QRNavViewController.swift in Sources */ = {isa = PBXBuildFile; fileRef = 003873CF1B3D9088009D83EF /* QRNavViewController.swift */; };
		003873D31B403943009D83EF /* ConfirmURLViewController.swift in Sources */ = {isa = PBXBuildFile; fileRef = 003873D21B403943009D83EF /* ConfirmURLViewController.swift */; };
		003FE37B1B3103D800012D09 /* Images.xcassets in Resources */ = {isa = PBXBuildFile; fileRef = 003FE37A1B3103D800012D09 /* Images.xcassets */; };
		003FE37E1B3103D800012D09 /* LaunchScreen.xib in Resources */ = {isa = PBXBuildFile; fileRef = 003FE37C1B3103D800012D09 /* LaunchScreen.xib */; };
		003FE39C1B31049C00012D09 /* AddDocumentNavController.swift in Sources */ = {isa = PBXBuildFile; fileRef = 003FE3931B31049C00012D09 /* AddDocumentNavController.swift */; };
		003FE39D1B31049C00012D09 /* AddDocumentViewController.swift in Sources */ = {isa = PBXBuildFile; fileRef = 003FE3941B31049C00012D09 /* AddDocumentViewController.swift */; };
		003FE39E1B31049C00012D09 /* AppDelegate.swift in Sources */ = {isa = PBXBuildFile; fileRef = 003FE3951B31049C00012D09 /* AppDelegate.swift */; };
		003FE39F1B31049C00012D09 /* ConfirmDocumentViewController.swift in Sources */ = {isa = PBXBuildFile; fileRef = 003FE3961B31049C00012D09 /* ConfirmDocumentViewController.swift */; };
		003FE3A01B31049C00012D09 /* DocumentViewController.swift in Sources */ = {isa = PBXBuildFile; fileRef = 003FE3971B31049C00012D09 /* DocumentViewController.swift */; };
		003FE3A11B31049C00012D09 /* MainViewController.swift in Sources */ = {isa = PBXBuildFile; fileRef = 003FE3981B31049C00012D09 /* MainViewController.swift */; };
		003FE3A21B31049C00012D09 /* QRGeneratorViewController.swift in Sources */ = {isa = PBXBuildFile; fileRef = 003FE3991B31049C00012D09 /* QRGeneratorViewController.swift */; };
		003FE3A31B31049C00012D09 /* ScanNavController.swift in Sources */ = {isa = PBXBuildFile; fileRef = 003FE39A1B31049C00012D09 /* ScanNavController.swift */; };
		003FE3A41B31049C00012D09 /* ScanViewController.swift in Sources */ = {isa = PBXBuildFile; fileRef = 003FE39B1B31049C00012D09 /* ScanViewController.swift */; };
		003FE3A61B31050A00012D09 /* Main.storyboard in Resources */ = {isa = PBXBuildFile; fileRef = 003FE3A51B31050A00012D09 /* Main.storyboard */; };
		003FE3A91B31059300012D09 /* temp.m in Sources */ = {isa = PBXBuildFile; fileRef = 003FE3A81B31059300012D09 /* temp.m */; };
		003FE3AC1B31061100012D09 /* DropboxSDK.framework in Frameworks */ = {isa = PBXBuildFile; fileRef = 003FE3AB1B31061100012D09 /* DropboxSDK.framework */; };
		003FE3B01B31062000012D09 /* Bolts.framework in Frameworks */ = {isa = PBXBuildFile; fileRef = 003FE3AD1B31062000012D09 /* Bolts.framework */; };
		003FE3B11B31062000012D09 /* Parse.framework in Frameworks */ = {isa = PBXBuildFile; fileRef = 003FE3AE1B31062000012D09 /* Parse.framework */; };
		003FE3B21B31062000012D09 /* ParseCrashReporting.framework in Frameworks */ = {isa = PBXBuildFile; fileRef = 003FE3AF1B31062000012D09 /* ParseCrashReporting.framework */; };
		003FE3BE1B3106C100012D09 /* AudioToolbox.framework in Frameworks */ = {isa = PBXBuildFile; fileRef = 003FE3B31B3106C100012D09 /* AudioToolbox.framework */; };
		003FE3BF1B3106C100012D09 /* CFNetwork.framework in Frameworks */ = {isa = PBXBuildFile; fileRef = 003FE3B41B3106C100012D09 /* CFNetwork.framework */; };
		003FE3C01B3106C100012D09 /* CoreGraphics.framework in Frameworks */ = {isa = PBXBuildFile; fileRef = 003FE3B51B3106C100012D09 /* CoreGraphics.framework */; };
		003FE3C11B3106C100012D09 /* CoreLocation.framework in Frameworks */ = {isa = PBXBuildFile; fileRef = 003FE3B61B3106C100012D09 /* CoreLocation.framework */; };
		003FE3C21B3106C100012D09 /* libsqlite3.dylib in Frameworks */ = {isa = PBXBuildFile; fileRef = 003FE3B71B3106C100012D09 /* libsqlite3.dylib */; };
		003FE3C31B3106C100012D09 /* libz.dylib in Frameworks */ = {isa = PBXBuildFile; fileRef = 003FE3B81B3106C100012D09 /* libz.dylib */; };
		003FE3C41B3106C100012D09 /* MobileCoreServices.framework in Frameworks */ = {isa = PBXBuildFile; fileRef = 003FE3B91B3106C100012D09 /* MobileCoreServices.framework */; };
		003FE3C51B3106C100012D09 /* QuartzCore.framework in Frameworks */ = {isa = PBXBuildFile; fileRef = 003FE3BA1B3106C100012D09 /* QuartzCore.framework */; };
		003FE3C61B3106C100012D09 /* Security.framework in Frameworks */ = {isa = PBXBuildFile; fileRef = 003FE3BB1B3106C100012D09 /* Security.framework */; };
		003FE3C81B3106C100012D09 /* SystemConfiguration.framework in Frameworks */ = {isa = PBXBuildFile; fileRef = 003FE3BD1B3106C100012D09 /* SystemConfiguration.framework */; };
		00524D461B46EBF10012699D /* BeaconDataTableViewController.swift in Sources */ = {isa = PBXBuildFile; fileRef = 00524D451B46EBF10012699D /* BeaconDataTableViewController.swift */; };
		00524D481B46EC0A0012699D /* BeaconDataNavViewController.swift in Sources */ = {isa = PBXBuildFile; fileRef = 00524D471B46EC0A0012699D /* BeaconDataNavViewController.swift */; };
		00524D4A1B4831500012699D /* NearbyTableViewCell.swift in Sources */ = {isa = PBXBuildFile; fileRef = 00524D491B48314F0012699D /* NearbyTableViewCell.swift */; };
		006A1FC41B40C71A000E6FA2 /* WebpagesTableViewCell.swift in Sources */ = {isa = PBXBuildFile; fileRef = 006A1FC31B40C71A000E6FA2 /* WebpagesTableViewCell.swift */; };
		006A1FC61B40C732000E6FA2 /* WebpageCollectionViewCell.swift in Sources */ = {isa = PBXBuildFile; fileRef = 006A1FC51B40C732000E6FA2 /* WebpageCollectionViewCell.swift */; };
		006A1FC81B418B4B000E6FA2 /* WebpageViewController.swift in Sources */ = {isa = PBXBuildFile; fileRef = 006A1FC71B418B4B000E6FA2 /* WebpageViewController.swift */; };
		006A1FCA1B419326000E6FA2 /* WebpageDetailViewController.swift in Sources */ = {isa = PBXBuildFile; fileRef = 006A1FC91B419326000E6FA2 /* WebpageDetailViewController.swift */; };
		009676131B345513005C087A /* Getting Started.rtf in Resources */ = {isa = PBXBuildFile; fileRef = 009676121B345513005C087A /* Getting Started.rtf */; };
		009676161B34557A005C087A /* DocumentsTableViewCell.swift in Sources */ = {isa = PBXBuildFile; fileRef = 009676151B34557A005C087A /* DocumentsTableViewCell.swift */; };
		00A50F9F1B38F70100539987 /* DocumentDetailViewController.swift in Sources */ = {isa = PBXBuildFile; fileRef = 00A50F9E1B38F70100539987 /* DocumentDetailViewController.swift */; };
		00A50FA21B3A374900539987 /* AddImageNavController.swift in Sources */ = {isa = PBXBuildFile; fileRef = 00A50FA11B3A374900539987 /* AddImageNavController.swift */; };
		00A50FA41B3A37B600539987 /* ConfirmImageViewController.swift in Sources */ = {isa = PBXBuildFile; fileRef = 00A50FA31B3A37B600539987 /* ConfirmImageViewController.swift */; };
		00A50FA61B3A3DC300539987 /* Reachability.swift in Sources */ = {isa = PBXBuildFile; fileRef = 00A50FA51B3A3DC300539987 /* Reachability.swift */; };
		00A731831B3C401D0055E05F /* PopTransitionAnimator.swift in Sources */ = {isa = PBXBuildFile; fileRef = 00A731821B3C401D0055E05F /* PopTransitionAnimator.swift */; };
		00AE847A1B35B1FD00B5B9B6 /* DocumentCollectionViewCell.swift in Sources */ = {isa = PBXBuildFile; fileRef = 00AE84791B35B1FD00B5B9B6 /* DocumentCollectionViewCell.swift */; };
		00F2ACBC1B3B0C7D00C3B012 /* ImagesTableViewCell.swift in Sources */ = {isa = PBXBuildFile; fileRef = 00F2ACBB1B3B0C7D00C3B012 /* ImagesTableViewCell.swift */; };
		00F2ACBE1B3B0C9200C3B012 /* ImageCollectionViewCell.swift in Sources */ = {isa = PBXBuildFile; fileRef = 00F2ACBD1B3B0C9200C3B012 /* ImageCollectionViewCell.swift */; };
		00F2ACC01B3B102500C3B012 /* ImageViewController.swift in Sources */ = {isa = PBXBuildFile; fileRef = 00F2ACBF1B3B102500C3B012 /* ImageViewController.swift */; };
		00F2ACC21B3B12A000C3B012 /* ImageDetailViewController.swift in Sources */ = {isa = PBXBuildFile; fileRef = 00F2ACC11B3B12A000C3B012 /* ImageDetailViewController.swift */; };
		00F2ACC41B3B669200C3B012 /* DTSegmentedControl.swift in Sources */ = {isa = PBXBuildFile; fileRef = 00F2ACC31B3B669200C3B012 /* DTSegmentedControl.swift */; };
		00F2ACC61B3B70D500C3B012 /* cloud.jpg in Resources */ = {isa = PBXBuildFile; fileRef = 00F2ACC51B3B70D500C3B012 /* cloud.jpg */; };
/* End PBXBuildFile section */

/* Begin PBXFileReference section */
		0025C1331B43334E002F459A /* StoreKit.framework */ = {isa = PBXFileReference; lastKnownFileType = wrapper.framework; name = StoreKit.framework; path = System/Library/Frameworks/StoreKit.framework; sourceTree = SDKROOT; };
		0025C1351B433359002F459A /* GameKit.framework */ = {isa = PBXFileReference; lastKnownFileType = wrapper.framework; name = GameKit.framework; path = System/Library/Frameworks/GameKit.framework; sourceTree = SDKROOT; };
		003873CF1B3D9088009D83EF /* QRNavViewController.swift */ = {isa = PBXFileReference; fileEncoding = 4; lastKnownFileType = sourcecode.swift; path = QRNavViewController.swift; sourceTree = "<group>"; };
		003873D21B403943009D83EF /* ConfirmURLViewController.swift */ = {isa = PBXFileReference; fileEncoding = 4; lastKnownFileType = sourcecode.swift; path = ConfirmURLViewController.swift; sourceTree = "<group>"; };
		003FE36E1B3103D800012D09 /* DataTag.app */ = {isa = PBXFileReference; explicitFileType = wrapper.application; includeInIndex = 0; path = DataTag.app; sourceTree = BUILT_PRODUCTS_DIR; };
		003FE3721B3103D800012D09 /* Info.plist */ = {isa = PBXFileReference; lastKnownFileType = text.plist.xml; path = Info.plist; sourceTree = "<group>"; };
		003FE37A1B3103D800012D09 /* Images.xcassets */ = {isa = PBXFileReference; lastKnownFileType = folder.assetcatalog; path = Images.xcassets; sourceTree = "<group>"; };
		003FE37D1B3103D800012D09 /* Base */ = {isa = PBXFileReference; lastKnownFileType = file.xib; name = Base; path = Base.lproj/LaunchScreen.xib; sourceTree = "<group>"; };
		003FE3881B3103D800012D09 /* Info.plist */ = {isa = PBXFileReference; lastKnownFileType = text.plist.xml; path = Info.plist; sourceTree = "<group>"; };
		003FE3891B3103D800012D09 /* DataTagTests.swift */ = {isa = PBXFileReference; lastKnownFileType = sourcecode.swift; path = DataTagTests.swift; sourceTree = "<group>"; };
		003FE3931B31049C00012D09 /* AddDocumentNavController.swift */ = {isa = PBXFileReference; fileEncoding = 4; lastKnownFileType = sourcecode.swift; path = AddDocumentNavController.swift; sourceTree = "<group>"; };
		003FE3941B31049C00012D09 /* AddDocumentViewController.swift */ = {isa = PBXFileReference; fileEncoding = 4; lastKnownFileType = sourcecode.swift; path = AddDocumentViewController.swift; sourceTree = "<group>"; };
		003FE3951B31049C00012D09 /* AppDelegate.swift */ = {isa = PBXFileReference; fileEncoding = 4; lastKnownFileType = sourcecode.swift; path = AppDelegate.swift; sourceTree = "<group>"; };
		003FE3961B31049C00012D09 /* ConfirmDocumentViewController.swift */ = {isa = PBXFileReference; fileEncoding = 4; lastKnownFileType = sourcecode.swift; path = ConfirmDocumentViewController.swift; sourceTree = "<group>"; };
		003FE3971B31049C00012D09 /* DocumentViewController.swift */ = {isa = PBXFileReference; fileEncoding = 4; lastKnownFileType = sourcecode.swift; path = DocumentViewController.swift; sourceTree = "<group>"; };
		003FE3981B31049C00012D09 /* MainViewController.swift */ = {isa = PBXFileReference; fileEncoding = 4; lastKnownFileType = sourcecode.swift; path = MainViewController.swift; sourceTree = "<group>"; };
		003FE3991B31049C00012D09 /* QRGeneratorViewController.swift */ = {isa = PBXFileReference; fileEncoding = 4; lastKnownFileType = sourcecode.swift; path = QRGeneratorViewController.swift; sourceTree = "<group>"; };
		003FE39A1B31049C00012D09 /* ScanNavController.swift */ = {isa = PBXFileReference; fileEncoding = 4; lastKnownFileType = sourcecode.swift; path = ScanNavController.swift; sourceTree = "<group>"; };
		003FE39B1B31049C00012D09 /* ScanViewController.swift */ = {isa = PBXFileReference; fileEncoding = 4; lastKnownFileType = sourcecode.swift; path = ScanViewController.swift; sourceTree = "<group>"; };
		003FE3A51B31050A00012D09 /* Main.storyboard */ = {isa = PBXFileReference; fileEncoding = 4; lastKnownFileType = file.storyboard; path = Main.storyboard; sourceTree = "<group>"; };
		003FE3A71B31059200012D09 /* DataTag-Bridging-Header.h */ = {isa = PBXFileReference; lastKnownFileType = sourcecode.c.h; path = "DataTag-Bridging-Header.h"; sourceTree = "<group>"; };
		003FE3A81B31059300012D09 /* temp.m */ = {isa = PBXFileReference; fileEncoding = 4; lastKnownFileType = sourcecode.c.objc; path = temp.m; sourceTree = "<group>"; };
		003FE3AB1B31061100012D09 /* DropboxSDK.framework */ = {isa = PBXFileReference; lastKnownFileType = wrapper.framework; path = DropboxSDK.framework; sourceTree = "<group>"; };
		003FE3AD1B31062000012D09 /* Bolts.framework */ = {isa = PBXFileReference; lastKnownFileType = wrapper.framework; path = Bolts.framework; sourceTree = "<group>"; };
		003FE3AE1B31062000012D09 /* Parse.framework */ = {isa = PBXFileReference; lastKnownFileType = wrapper.framework; path = Parse.framework; sourceTree = "<group>"; };
		003FE3AF1B31062000012D09 /* ParseCrashReporting.framework */ = {isa = PBXFileReference; lastKnownFileType = wrapper.framework; path = ParseCrashReporting.framework; sourceTree = "<group>"; };
		003FE3B31B3106C100012D09 /* AudioToolbox.framework */ = {isa = PBXFileReference; lastKnownFileType = wrapper.framework; name = AudioToolbox.framework; path = System/Library/Frameworks/AudioToolbox.framework; sourceTree = SDKROOT; };
		003FE3B41B3106C100012D09 /* CFNetwork.framework */ = {isa = PBXFileReference; lastKnownFileType = wrapper.framework; name = CFNetwork.framework; path = System/Library/Frameworks/CFNetwork.framework; sourceTree = SDKROOT; };
		003FE3B51B3106C100012D09 /* CoreGraphics.framework */ = {isa = PBXFileReference; lastKnownFileType = wrapper.framework; name = CoreGraphics.framework; path = System/Library/Frameworks/CoreGraphics.framework; sourceTree = SDKROOT; };
		003FE3B61B3106C100012D09 /* CoreLocation.framework */ = {isa = PBXFileReference; lastKnownFileType = wrapper.framework; name = CoreLocation.framework; path = System/Library/Frameworks/CoreLocation.framework; sourceTree = SDKROOT; };
		003FE3B71B3106C100012D09 /* libsqlite3.dylib */ = {isa = PBXFileReference; lastKnownFileType = "compiled.mach-o.dylib"; name = libsqlite3.dylib; path = usr/lib/libsqlite3.dylib; sourceTree = SDKROOT; };
		003FE3B81B3106C100012D09 /* libz.dylib */ = {isa = PBXFileReference; lastKnownFileType = "compiled.mach-o.dylib"; name = libz.dylib; path = usr/lib/libz.dylib; sourceTree = SDKROOT; };
		003FE3B91B3106C100012D09 /* MobileCoreServices.framework */ = {isa = PBXFileReference; lastKnownFileType = wrapper.framework; name = MobileCoreServices.framework; path = System/Library/Frameworks/MobileCoreServices.framework; sourceTree = SDKROOT; };
		003FE3BA1B3106C100012D09 /* QuartzCore.framework */ = {isa = PBXFileReference; lastKnownFileType = wrapper.framework; name = QuartzCore.framework; path = System/Library/Frameworks/QuartzCore.framework; sourceTree = SDKROOT; };
		003FE3BB1B3106C100012D09 /* Security.framework */ = {isa = PBXFileReference; lastKnownFileType = wrapper.framework; name = Security.framework; path = System/Library/Frameworks/Security.framework; sourceTree = SDKROOT; };
		003FE3BD1B3106C100012D09 /* SystemConfiguration.framework */ = {isa = PBXFileReference; lastKnownFileType = wrapper.framework; name = SystemConfiguration.framework; path = System/Library/Frameworks/SystemConfiguration.framework; sourceTree = SDKROOT; };
		00524D451B46EBF10012699D /* BeaconDataTableViewController.swift */ = {isa = PBXFileReference; fileEncoding = 4; lastKnownFileType = sourcecode.swift; path = BeaconDataTableViewController.swift; sourceTree = "<group>"; };
		00524D471B46EC0A0012699D /* BeaconDataNavViewController.swift */ = {isa = PBXFileReference; fileEncoding = 4; lastKnownFileType = sourcecode.swift; path = BeaconDataNavViewController.swift; sourceTree = "<group>"; };
		00524D491B48314F0012699D /* NearbyTableViewCell.swift */ = {isa = PBXFileReference; fileEncoding = 4; lastKnownFileType = sourcecode.swift; path = NearbyTableViewCell.swift; sourceTree = "<group>"; };
		006A1FC31B40C71A000E6FA2 /* WebpagesTableViewCell.swift */ = {isa = PBXFileReference; fileEncoding = 4; lastKnownFileType = sourcecode.swift; path = WebpagesTableViewCell.swift; sourceTree = "<group>"; };
		006A1FC51B40C732000E6FA2 /* WebpageCollectionViewCell.swift */ = {isa = PBXFileReference; fileEncoding = 4; lastKnownFileType = sourcecode.swift; path = WebpageCollectionViewCell.swift; sourceTree = "<group>"; };
		006A1FC71B418B4B000E6FA2 /* WebpageViewController.swift */ = {isa = PBXFileReference; fileEncoding = 4; lastKnownFileType = sourcecode.swift; path = WebpageViewController.swift; sourceTree = "<group>"; };
		006A1FC91B419326000E6FA2 /* WebpageDetailViewController.swift */ = {isa = PBXFileReference; fileEncoding = 4; lastKnownFileType = sourcecode.swift; path = WebpageDetailViewController.swift; sourceTree = "<group>"; };
		009676121B345513005C087A /* Getting Started.rtf */ = {isa = PBXFileReference; fileEncoding = 4; lastKnownFileType = text.rtf; path = "Getting Started.rtf"; sourceTree = "<group>"; };
		009676151B34557A005C087A /* DocumentsTableViewCell.swift */ = {isa = PBXFileReference; fileEncoding = 4; lastKnownFileType = sourcecode.swift; path = DocumentsTableViewCell.swift; sourceTree = "<group>"; };
		00A50F9E1B38F70100539987 /* DocumentDetailViewController.swift */ = {isa = PBXFileReference; fileEncoding = 4; lastKnownFileType = sourcecode.swift; path = DocumentDetailViewController.swift; sourceTree = "<group>"; };
		00A50FA11B3A374900539987 /* AddImageNavController.swift */ = {isa = PBXFileReference; fileEncoding = 4; lastKnownFileType = sourcecode.swift; path = AddImageNavController.swift; sourceTree = "<group>"; };
		00A50FA31B3A37B600539987 /* ConfirmImageViewController.swift */ = {isa = PBXFileReference; fileEncoding = 4; lastKnownFileType = sourcecode.swift; path = ConfirmImageViewController.swift; sourceTree = "<group>"; };
		00A50FA51B3A3DC300539987 /* Reachability.swift */ = {isa = PBXFileReference; fileEncoding = 4; lastKnownFileType = sourcecode.swift; path = Reachability.swift; sourceTree = "<group>"; };
		00A731821B3C401D0055E05F /* PopTransitionAnimator.swift */ = {isa = PBXFileReference; fileEncoding = 4; lastKnownFileType = sourcecode.swift; path = PopTransitionAnimator.swift; sourceTree = "<group>"; };
		00AE84791B35B1FD00B5B9B6 /* DocumentCollectionViewCell.swift */ = {isa = PBXFileReference; fileEncoding = 4; lastKnownFileType = sourcecode.swift; path = DocumentCollectionViewCell.swift; sourceTree = "<group>"; };
		00F2ACBB1B3B0C7D00C3B012 /* ImagesTableViewCell.swift */ = {isa = PBXFileReference; fileEncoding = 4; lastKnownFileType = sourcecode.swift; path = ImagesTableViewCell.swift; sourceTree = "<group>"; };
		00F2ACBD1B3B0C9200C3B012 /* ImageCollectionViewCell.swift */ = {isa = PBXFileReference; fileEncoding = 4; lastKnownFileType = sourcecode.swift; path = ImageCollectionViewCell.swift; sourceTree = "<group>"; };
		00F2ACBF1B3B102500C3B012 /* ImageViewController.swift */ = {isa = PBXFileReference; fileEncoding = 4; lastKnownFileType = sourcecode.swift; path = ImageViewController.swift; sourceTree = "<group>"; };
		00F2ACC11B3B12A000C3B012 /* ImageDetailViewController.swift */ = {isa = PBXFileReference; fileEncoding = 4; lastKnownFileType = sourcecode.swift; path = ImageDetailViewController.swift; sourceTree = "<group>"; };
		00F2ACC31B3B669200C3B012 /* DTSegmentedControl.swift */ = {isa = PBXFileReference; fileEncoding = 4; lastKnownFileType = sourcecode.swift; path = DTSegmentedControl.swift; sourceTree = "<group>"; };
		00F2ACC51B3B70D500C3B012 /* cloud.jpg */ = {isa = PBXFileReference; lastKnownFileType = image.jpeg; path = cloud.jpg; sourceTree = "<group>"; };
/* End PBXFileReference section */

/* Begin PBXFrameworksBuildPhase section */
		003FE36B1B3103D800012D09 /* Frameworks */ = {
			isa = PBXFrameworksBuildPhase;
			buildActionMask = 2147483647;
			files = (
				003FE3BE1B3106C100012D09 /* AudioToolbox.framework in Frameworks */,
				003FE3BF1B3106C100012D09 /* CFNetwork.framework in Frameworks */,
				003FE3C01B3106C100012D09 /* CoreGraphics.framework in Frameworks */,
				003FE3C11B3106C100012D09 /* CoreLocation.framework in Frameworks */,
				003FE3C21B3106C100012D09 /* libsqlite3.dylib in Frameworks */,
				003FE3C31B3106C100012D09 /* libz.dylib in Frameworks */,
				003FE3C41B3106C100012D09 /* MobileCoreServices.framework in Frameworks */,
				003FE3C51B3106C100012D09 /* QuartzCore.framework in Frameworks */,
				003FE3C61B3106C100012D09 /* Security.framework in Frameworks */,
				003FE3C81B3106C100012D09 /* SystemConfiguration.framework in Frameworks */,
				003FE3AC1B31061100012D09 /* DropboxSDK.framework in Frameworks */,
				003FE3B11B31062000012D09 /* Parse.framework in Frameworks */,
				0025C1341B43334E002F459A /* StoreKit.framework in Frameworks */,
				003FE3B01B31062000012D09 /* Bolts.framework in Frameworks */,
				003FE3B21B31062000012D09 /* ParseCrashReporting.framework in Frameworks */,
				0025C1361B433359002F459A /* GameKit.framework in Frameworks */,
			);
			runOnlyForDeploymentPostprocessing = 0;
		};
/* End PBXFrameworksBuildPhase section */

/* Begin PBXGroup section */
		003FE3651B3103D800012D09 = {
			isa = PBXGroup;
			children = (
				003FE3701B3103D800012D09 /* DataTag */,
				003FE3861B3103D800012D09 /* DataTagTests */,
				003FE36F1B3103D800012D09 /* Products */,
				003FE3AA1B3105FB00012D09 /* Frameworks */,
			);
			sourceTree = "<group>";
		};
		003FE36F1B3103D800012D09 /* Products */ = {
			isa = PBXGroup;
			children = (
				003FE36E1B3103D800012D09 /* DataTag.app */,
			);
			name = Products;
			sourceTree = "<group>";
		};
		003FE3701B3103D800012D09 /* DataTag */ = {
			isa = PBXGroup;
			children = (
				003FE3A51B31050A00012D09 /* Main.storyboard */,
				003FE3951B31049C00012D09 /* AppDelegate.swift */,
				003FE3981B31049C00012D09 /* MainViewController.swift */,
				00A50F9D1B38F6DE00539987 /* DetailVC */,
				009676141B345558005C087A /* Cells */,
				00A50FA01B39E6B200539987 /* TagData */,
				003FE3CA1B3106F800012D09 /* AddData */,
				003FE3C91B3106CD00012D09 /* NavControllers */,
				003FE3711B3103D800012D09 /* Supporting Files */,
			);
			path = DataTag;
			sourceTree = "<group>";
		};
		003FE3711B3103D800012D09 /* Supporting Files */ = {
			isa = PBXGroup;
			children = (
				00F2ACC51B3B70D500C3B012 /* cloud.jpg */,
				009676121B345513005C087A /* Getting Started.rtf */,
				003FE37A1B3103D800012D09 /* Images.xcassets */,
				003FE37C1B3103D800012D09 /* LaunchScreen.xib */,
				003FE3A81B31059300012D09 /* temp.m */,
				003FE3A71B31059200012D09 /* DataTag-Bridging-Header.h */,
				003FE3721B3103D800012D09 /* Info.plist */,
				00A50FA51B3A3DC300539987 /* Reachability.swift */,
				00F2ACC31B3B669200C3B012 /* DTSegmentedControl.swift */,
				00A731821B3C401D0055E05F /* PopTransitionAnimator.swift */,
			);
			name = "Supporting Files";
			sourceTree = "<group>";
		};
		003FE3861B3103D800012D09 /* DataTagTests */ = {
			isa = PBXGroup;
			children = (
				003FE3891B3103D800012D09 /* DataTagTests.swift */,
				003FE3871B3103D800012D09 /* Supporting Files */,
			);
			path = DataTagTests;
			sourceTree = "<group>";
		};
		003FE3871B3103D800012D09 /* Supporting Files */ = {
			isa = PBXGroup;
			children = (
				003FE3881B3103D800012D09 /* Info.plist */,
			);
			name = "Supporting Files";
			sourceTree = "<group>";
		};
		003FE3AA1B3105FB00012D09 /* Frameworks */ = {
			isa = PBXGroup;
			children = (
				0025C1351B433359002F459A /* GameKit.framework */,
				0025C1331B43334E002F459A /* StoreKit.framework */,
				003FE3B31B3106C100012D09 /* AudioToolbox.framework */,
				003FE3B41B3106C100012D09 /* CFNetwork.framework */,
				003FE3B51B3106C100012D09 /* CoreGraphics.framework */,
				003FE3B61B3106C100012D09 /* CoreLocation.framework */,
				003FE3B71B3106C100012D09 /* libsqlite3.dylib */,
				003FE3B81B3106C100012D09 /* libz.dylib */,
				003FE3B91B3106C100012D09 /* MobileCoreServices.framework */,
				003FE3BA1B3106C100012D09 /* QuartzCore.framework */,
				003FE3BB1B3106C100012D09 /* Security.framework */,
				003FE3BD1B3106C100012D09 /* SystemConfiguration.framework */,
				003FE3AD1B31062000012D09 /* Bolts.framework */,
				003FE3AE1B31062000012D09 /* Parse.framework */,
				003FE3AF1B31062000012D09 /* ParseCrashReporting.framework */,
				003FE3AB1B31061100012D09 /* DropboxSDK.framework */,
			);
			name = Frameworks;
			sourceTree = "<group>";
		};
		003FE3C91B3106CD00012D09 /* NavControllers */ = {
			isa = PBXGroup;
			children = (
				003FE3931B31049C00012D09 /* AddDocumentNavController.swift */,
				003FE39A1B31049C00012D09 /* ScanNavController.swift */,
				00A50FA11B3A374900539987 /* AddImageNavController.swift */,
				003873CF1B3D9088009D83EF /* QRNavViewController.swift */,
				00524D471B46EC0A0012699D /* BeaconDataNavViewController.swift */,
			);
			name = NavControllers;
			sourceTree = "<group>";
		};
		003FE3CA1B3106F800012D09 /* AddData */ = {
			isa = PBXGroup;
			children = (
				003FE3941B31049C00012D09 /* AddDocumentViewController.swift */,
				003FE3961B31049C00012D09 /* ConfirmDocumentViewController.swift */,
				003FE3991B31049C00012D09 /* QRGeneratorViewController.swift */,
				00A50FA31B3A37B600539987 /* ConfirmImageViewController.swift */,
				003873D21B403943009D83EF /* ConfirmURLViewController.swift */,
			);
			name = AddData;
			sourceTree = "<group>";
		};
		009676141B345558005C087A /* Cells */ = {
			isa = PBXGroup;
			children = (
				009676151B34557A005C087A /* DocumentsTableViewCell.swift */,
				00AE84791B35B1FD00B5B9B6 /* DocumentCollectionViewCell.swift */,
				00F2ACBB1B3B0C7D00C3B012 /* ImagesTableViewCell.swift */,
				00F2ACBD1B3B0C9200C3B012 /* ImageCollectionViewCell.swift */,
				006A1FC31B40C71A000E6FA2 /* WebpagesTableViewCell.swift */,
				006A1FC51B40C732000E6FA2 /* WebpageCollectionViewCell.swift */,
				00524D491B48314F0012699D /* NearbyTableViewCell.swift */,
			);
			name = Cells;
			sourceTree = "<group>";
		};
		00A50F9D1B38F6DE00539987 /* DetailVC */ = {
			isa = PBXGroup;
			children = (
				00A50F9E1B38F70100539987 /* DocumentDetailViewController.swift */,
				00F2ACC11B3B12A000C3B012 /* ImageDetailViewController.swift */,
				006A1FC91B419326000E6FA2 /* WebpageDetailViewController.swift */,
			);
			name = DetailVC;
			sourceTree = "<group>";
		};
		00A50FA01B39E6B200539987 /* TagData */ = {
			isa = PBXGroup;
			children = (
				003FE39B1B31049C00012D09 /* ScanViewController.swift */,
				003FE3971B31049C00012D09 /* DocumentViewController.swift */,
				00F2ACBF1B3B102500C3B012 /* ImageViewController.swift */,
				006A1FC71B418B4B000E6FA2 /* WebpageViewController.swift */,
				00524D451B46EBF10012699D /* BeaconDataTableViewController.swift */,
			);
			name = TagData;
			sourceTree = "<group>";
		};
/* End PBXGroup section */

/* Begin PBXNativeTarget section */
		003FE36D1B3103D800012D09 /* DataTag */ = {
			isa = PBXNativeTarget;
			buildConfigurationList = 003FE38D1B3103D800012D09 /* Build configuration list for PBXNativeTarget "DataTag" */;
			buildPhases = (
				003FE36A1B3103D800012D09 /* Sources */,
				003FE36B1B3103D800012D09 /* Frameworks */,
				003FE36C1B3103D800012D09 /* Resources */,
			);
			buildRules = (
			);
			dependencies = (
			);
			name = DataTag;
			productName = DataTag;
			productReference = 003FE36E1B3103D800012D09 /* DataTag.app */;
			productType = "com.apple.product-type.application";
		};
/* End PBXNativeTarget section */

/* Begin PBXProject section */
		003FE3661B3103D800012D09 /* Project object */ = {
			isa = PBXProject;
			attributes = {
				LastUpgradeCheck = 0630;
				ORGANIZATIONNAME = DataTag;
				TargetAttributes = {
					003FE36D1B3103D800012D09 = {
						CreatedOnToolsVersion = 6.3.2;
						DevelopmentTeam = BAN868XZ6P;
						SystemCapabilities = {
							com.apple.GameCenter = {
								enabled = 1;
							};
							com.apple.InAppPurchase = {
								enabled = 1;
							};
						};
					};
				};
			};
			buildConfigurationList = 003FE3691B3103D800012D09 /* Build configuration list for PBXProject "DataTag" */;
			compatibilityVersion = "Xcode 3.2";
			developmentRegion = English;
			hasScannedForEncodings = 0;
			knownRegions = (
				en,
				Base,
			);
			mainGroup = 003FE3651B3103D800012D09;
			productRefGroup = 003FE36F1B3103D800012D09 /* Products */;
			projectDirPath = "";
			projectRoot = "";
			targets = (
				003FE36D1B3103D800012D09 /* DataTag */,
			);
		};
/* End PBXProject section */

/* Begin PBXResourcesBuildPhase section */
		003FE36C1B3103D800012D09 /* Resources */ = {
			isa = PBXResourcesBuildPhase;
			buildActionMask = 2147483647;
			files = (
				00F2ACC61B3B70D500C3B012 /* cloud.jpg in Resources */,
				003FE3A61B31050A00012D09 /* Main.storyboard in Resources */,
				003FE37E1B3103D800012D09 /* LaunchScreen.xib in Resources */,
				009676131B345513005C087A /* Getting Started.rtf in Resources */,
				003FE37B1B3103D800012D09 /* Images.xcassets in Resources */,
			);
			runOnlyForDeploymentPostprocessing = 0;
		};
/* End PBXResourcesBuildPhase section */

/* Begin PBXSourcesBuildPhase section */
		003FE36A1B3103D800012D09 /* Sources */ = {
			isa = PBXSourcesBuildPhase;
			buildActionMask = 2147483647;
			files = (
				003873D01B3D9088009D83EF /* QRNavViewController.swift in Sources */,
				003873D31B403943009D83EF /* ConfirmURLViewController.swift in Sources */,
				003FE3A31B31049C00012D09 /* ScanNavController.swift in Sources */,
				00A50FA41B3A37B600539987 /* ConfirmImageViewController.swift in Sources */,
				006A1FC61B40C732000E6FA2 /* WebpageCollectionViewCell.swift in Sources */,
				003FE3A01B31049C00012D09 /* DocumentViewController.swift in Sources */,
				003FE3A21B31049C00012D09 /* QRGeneratorViewController.swift in Sources */,
				009676161B34557A005C087A /* DocumentsTableViewCell.swift in Sources */,
				00A50F9F1B38F70100539987 /* DocumentDetailViewController.swift in Sources */,
				00F2ACBE1B3B0C9200C3B012 /* ImageCollectionViewCell.swift in Sources */,
				00F2ACC41B3B669200C3B012 /* DTSegmentedControl.swift in Sources */,
				006A1FCA1B419326000E6FA2 /* WebpageDetailViewController.swift in Sources */,
				006A1FC41B40C71A000E6FA2 /* WebpagesTableViewCell.swift in Sources */,
				003FE39E1B31049C00012D09 /* AppDelegate.swift in Sources */,
				003FE39C1B31049C00012D09 /* AddDocumentNavController.swift in Sources */,
				00A50FA21B3A374900539987 /* AddImageNavController.swift in Sources */,
				00524D481B46EC0A0012699D /* BeaconDataNavViewController.swift in Sources */,
				003FE3A91B31059300012D09 /* temp.m in Sources */,
				003FE3A11B31049C00012D09 /* MainViewController.swift in Sources */,
				003FE39F1B31049C00012D09 /* ConfirmDocumentViewController.swift in Sources */,
				003FE39D1B31049C00012D09 /* AddDocumentViewController.swift in Sources */,
				00524D461B46EBF10012699D /* BeaconDataTableViewController.swift in Sources */,
				00AE847A1B35B1FD00B5B9B6 /* DocumentCollectionViewCell.swift in Sources */,
				00524D4A1B4831500012699D /* NearbyTableViewCell.swift in Sources */,
				00F2ACBC1B3B0C7D00C3B012 /* ImagesTableViewCell.swift in Sources */,
				00F2ACC01B3B102500C3B012 /* ImageViewController.swift in Sources */,
				00A50FA61B3A3DC300539987 /* Reachability.swift in Sources */,
				006A1FC81B418B4B000E6FA2 /* WebpageViewController.swift in Sources */,
				003FE3A41B31049C00012D09 /* ScanViewController.swift in Sources */,
				00F2ACC21B3B12A000C3B012 /* ImageDetailViewController.swift in Sources */,
				00A731831B3C401D0055E05F /* PopTransitionAnimator.swift in Sources */,
			);
			runOnlyForDeploymentPostprocessing = 0;
		};
/* End PBXSourcesBuildPhase section */

/* Begin PBXVariantGroup section */
		003FE37C1B3103D800012D09 /* LaunchScreen.xib */ = {
			isa = PBXVariantGroup;
			children = (
				003FE37D1B3103D800012D09 /* Base */,
			);
			name = LaunchScreen.xib;
			sourceTree = "<group>";
		};
/* End PBXVariantGroup section */

/* Begin XCBuildConfiguration section */
		003FE38B1B3103D800012D09 /* Debug */ = {
			isa = XCBuildConfiguration;
			buildSettings = {
				ALWAYS_SEARCH_USER_PATHS = NO;
				CLANG_CXX_LANGUAGE_STANDARD = "gnu++0x";
				CLANG_CXX_LIBRARY = "libc++";
				CLANG_ENABLE_MODULES = YES;
				CLANG_ENABLE_OBJC_ARC = YES;
				CLANG_WARN_BOOL_CONVERSION = YES;
				CLANG_WARN_CONSTANT_CONVERSION = YES;
				CLANG_WARN_DIRECT_OBJC_ISA_USAGE = YES_ERROR;
				CLANG_WARN_EMPTY_BODY = YES;
				CLANG_WARN_ENUM_CONVERSION = YES;
				CLANG_WARN_INT_CONVERSION = YES;
				CLANG_WARN_OBJC_ROOT_CLASS = YES_ERROR;
				CLANG_WARN_UNREACHABLE_CODE = YES;
				CLANG_WARN__DUPLICATE_METHOD_MATCH = YES;
				CODE_SIGN_IDENTITY = "iPhone Distribution: Aaron Monick";
				"CODE_SIGN_IDENTITY[sdk=iphoneos*]" = "iPhone Distribution: Aaron Monick";
				COPY_PHASE_STRIP = NO;
				DEBUG_INFORMATION_FORMAT = "dwarf-with-dsym";
				ENABLE_STRICT_OBJC_MSGSEND = YES;
				GCC_C_LANGUAGE_STANDARD = gnu99;
				GCC_DYNAMIC_NO_PIC = NO;
				GCC_NO_COMMON_BLOCKS = YES;
				GCC_OPTIMIZATION_LEVEL = 0;
				GCC_PREPROCESSOR_DEFINITIONS = (
					"DEBUG=1",
					"$(inherited)",
				);
				GCC_SYMBOLS_PRIVATE_EXTERN = NO;
				GCC_WARN_64_TO_32_BIT_CONVERSION = YES;
				GCC_WARN_ABOUT_RETURN_TYPE = YES_ERROR;
				GCC_WARN_UNDECLARED_SELECTOR = YES;
				GCC_WARN_UNINITIALIZED_AUTOS = YES_AGGRESSIVE;
				GCC_WARN_UNUSED_FUNCTION = YES;
				GCC_WARN_UNUSED_VARIABLE = YES;
				IPHONEOS_DEPLOYMENT_TARGET = 8.3;
				MTL_ENABLE_DEBUG_INFO = YES;
				ONLY_ACTIVE_ARCH = YES;
				PROVISIONING_PROFILE = "d4d54004-419a-4a7a-9104-f68985abe70b";
				SDKROOT = iphoneos;
				SWIFT_OPTIMIZATION_LEVEL = "-Onone";
				TARGETED_DEVICE_FAMILY = "1,2";
			};
			name = Debug;
		};
		003FE38C1B3103D800012D09 /* Release */ = {
			isa = XCBuildConfiguration;
			buildSettings = {
				ALWAYS_SEARCH_USER_PATHS = NO;
				CLANG_CXX_LANGUAGE_STANDARD = "gnu++0x";
				CLANG_CXX_LIBRARY = "libc++";
				CLANG_ENABLE_MODULES = YES;
				CLANG_ENABLE_OBJC_ARC = YES;
				CLANG_WARN_BOOL_CONVERSION = YES;
				CLANG_WARN_CONSTANT_CONVERSION = YES;
				CLANG_WARN_DIRECT_OBJC_ISA_USAGE = YES_ERROR;
				CLANG_WARN_EMPTY_BODY = YES;
				CLANG_WARN_ENUM_CONVERSION = YES;
				CLANG_WARN_INT_CONVERSION = YES;
				CLANG_WARN_OBJC_ROOT_CLASS = YES_ERROR;
				CLANG_WARN_UNREACHABLE_CODE = YES;
				CLANG_WARN__DUPLICATE_METHOD_MATCH = YES;
				CODE_SIGN_IDENTITY = "iPhone Distribution: Aaron Monick";
				"CODE_SIGN_IDENTITY[sdk=iphoneos*]" = "iPhone Distribution";
				COPY_PHASE_STRIP = NO;
				DEBUG_INFORMATION_FORMAT = "dwarf-with-dsym";
				ENABLE_NS_ASSERTIONS = NO;
				ENABLE_STRICT_OBJC_MSGSEND = YES;
				GCC_C_LANGUAGE_STANDARD = gnu99;
				GCC_NO_COMMON_BLOCKS = YES;
				GCC_WARN_64_TO_32_BIT_CONVERSION = YES;
				GCC_WARN_ABOUT_RETURN_TYPE = YES_ERROR;
				GCC_WARN_UNDECLARED_SELECTOR = YES;
				GCC_WARN_UNINITIALIZED_AUTOS = YES_AGGRESSIVE;
				GCC_WARN_UNUSED_FUNCTION = YES;
				GCC_WARN_UNUSED_VARIABLE = YES;
				IPHONEOS_DEPLOYMENT_TARGET = 8.3;
				MTL_ENABLE_DEBUG_INFO = NO;
				PROVISIONING_PROFILE = "d4d54004-419a-4a7a-9104-f68985abe70b";
				SDKROOT = iphoneos;
				TARGETED_DEVICE_FAMILY = "1,2";
				VALIDATE_PRODUCT = YES;
			};
			name = Release;
		};
		003FE38E1B3103D800012D09 /* Debug */ = {
			isa = XCBuildConfiguration;
			buildSettings = {
				ASSETCATALOG_COMPILER_APPICON_NAME = AppIcon;
				CLANG_ENABLE_MODULES = YES;
				CODE_SIGN_IDENTITY = "iPhone Developer";
				"CODE_SIGN_IDENTITY[sdk=iphoneos*]" = "iPhone Developer";
				FRAMEWORK_SEARCH_PATHS = (
					"$(inherited)",
					"$(PROJECT_DIR)",
				);
				INFOPLIST_FILE = DataTag/Info.plist;
				IPHONEOS_DEPLOYMENT_TARGET = 8.0;
				LD_RUNPATH_SEARCH_PATHS = "$(inherited) @executable_path/Frameworks";
				PRODUCT_NAME = "$(TARGET_NAME)";
				PROVISIONING_PROFILE = "";
				SWIFT_OBJC_BRIDGING_HEADER = "DataTag/DataTag-Bridging-Header.h";
				SWIFT_OPTIMIZATION_LEVEL = "-Onone";
			};
			name = Debug;
		};
		003FE38F1B3103D800012D09 /* Release */ = {
			isa = XCBuildConfiguration;
			buildSettings = {
				ASSETCATALOG_COMPILER_APPICON_NAME = AppIcon;
				CLANG_ENABLE_MODULES = YES;
				CODE_SIGN_IDENTITY = "iPhone Developer";
				"CODE_SIGN_IDENTITY[sdk=iphoneos*]" = "iPhone Developer";
				FRAMEWORK_SEARCH_PATHS = (
					"$(inherited)",
					"$(PROJECT_DIR)",
				);
				INFOPLIST_FILE = DataTag/Info.plist;
				IPHONEOS_DEPLOYMENT_TARGET = 8.0;
				LD_RUNPATH_SEARCH_PATHS = "$(inherited) @executable_path/Frameworks";
				PRODUCT_NAME = "$(TARGET_NAME)";
				PROVISIONING_PROFILE = "";
				SWIFT_OBJC_BRIDGING_HEADER = "DataTag/DataTag-Bridging-Header.h";
			};
			name = Release;
		};
/* End XCBuildConfiguration section */

/* Begin XCConfigurationList section */
		003FE3691B3103D800012D09 /* Build configuration list for PBXProject "DataTag" */ = {
			isa = XCConfigurationList;
			buildConfigurations = (
				003FE38B1B3103D800012D09 /* Debug */,
				003FE38C1B3103D800012D09 /* Release */,
			);
			defaultConfigurationIsVisible = 0;
			defaultConfigurationName = Release;
		};
		003FE38D1B3103D800012D09 /* Build configuration list for PBXNativeTarget "DataTag" */ = {
			isa = XCConfigurationList;
			buildConfigurations = (
				003FE38E1B3103D800012D09 /* Debug */,
				003FE38F1B3103D800012D09 /* Release */,
			);
			defaultConfigurationIsVisible = 0;
			defaultConfigurationName = Release;
		};
/* End XCConfigurationList section */
	};
	rootObject = 003FE3661B3103D800012D09 /* Project object */;
}
